
Microsoft Visual Studio Solution File, Format Version 12.00
# Visual Studio 14
VisualStudioVersion = 14.0.25420.1
MinimumVisualStudioVersion = 10.0.40219.1
Project("{2150E333-8FDC-42A3-9474-1A3956D46DE8}") = "src", "src", "{D1DE1611-584C-4D65-9FAB-640C715517E5}"
EndProject
Project("{2150E333-8FDC-42A3-9474-1A3956D46DE8}") = "Solution Items", "Solution Items", "{7376B28A-333B-48FB-AB76-17016D8676CC}"
	ProjectSection(SolutionItems) = preProject
		global.json = global.json
	EndProjectSection
EndProject
Project("{8BB2217D-0F2D-49D1-97BC-3654ED321F3B}") = "MovieCineplex", "src\MovieCineplex\MovieCineplex.xproj", "{46EF3B33-4097-46F0-B768-35CF34572EF1}"
EndProject
Global
	GlobalSection(SolutionConfigurationPlatforms) = preSolution
		Debug|Any CPU = Debug|Any CPU
		Release|Any CPU = Release|Any CPU
	EndGlobalSection
	GlobalSection(ProjectConfigurationPlatforms) = postSolution
		{46EF3B33-4097-46F0-B768-35CF34572EF1}.Debug|Any CPU.ActiveCfg = Debug|Any CPU
		{46EF3B33-4097-46F0-B768-35CF34572EF1}.Debug|Any CPU.Build.0 = Debug|Any CPU
		{46EF3B33-4097-46F0-B768-35CF34572EF1}.Release|Any CPU.ActiveCfg = Release|Any CPU
		{46EF3B33-4097-46F0-B768-35CF34572EF1}.Release|Any CPU.Build.0 = Release|Any CPU
	EndGlobalSection
	GlobalSection(SolutionProperties) = preSolution
		HideSolutionNode = FALSE
	EndGlobalSection
	GlobalSection(NestedProjects) = preSolution
		{46EF3B33-4097-46F0-B768-35CF34572EF1} = {D1DE1611-584C-4D65-9FAB-640C715517E5}
	EndGlobalSection
EndGlobal
